
Microsoft Visual Studio Solution File, Format Version 12.00
# Visual Studio 2013
VisualStudioVersion = 12.0.30501.0
MinimumVisualStudioVersion = 10.0.40219.1
Project("{00D1A9C2-B5F0-4AF3-8072-F6C62B433612}") = "GurpsWebTools", "GurpsWebTools.sqlproj", "{F920BFC7-F6AF-45BF-99B5-C2C6AE9079D7}"
EndProject
Global
	GlobalSection(SolutionConfigurationPlatforms) = preSolution
		Debug|Any CPU = Debug|Any CPU
		Release|Any CPU = Release|Any CPU
	EndGlobalSection
	GlobalSection(ProjectConfigurationPlatforms) = postSolution
		{F920BFC7-F6AF-45BF-99B5-C2C6AE9079D7}.Debug|Any CPU.ActiveCfg = Debug|Any CPU
		{F920BFC7-F6AF-45BF-99B5-C2C6AE9079D7}.Debug|Any CPU.Build.0 = Debug|Any CPU
		{F920BFC7-F6AF-45BF-99B5-C2C6AE9079D7}.Debug|Any CPU.Deploy.0 = Debug|Any CPU
		{F920BFC7-F6AF-45BF-99B5-C2C6AE9079D7}.Release|Any CPU.ActiveCfg = Release|Any CPU
		{F920BFC7-F6AF-45BF-99B5-C2C6AE9079D7}.Release|Any CPU.Build.0 = Release|Any CPU
		{F920BFC7-F6AF-45BF-99B5-C2C6AE9079D7}.Release|Any CPU.Deploy.0 = Release|Any CPU
	EndGlobalSection
	GlobalSection(SolutionProperties) = preSolution
		HideSolutionNode = FALSE
	EndGlobalSection
EndGlobal
